Microsoft Visual Studio Solution File, Format Version 11.00
# Visual Studio 2008

Project("{91EBA465-F18F-FEC8-FB6B-0FFE2CC563B3}") = "13th Titan V 0.1", "Assembly-CSharp-firstpass.csproj", "{CBE34B91-477C-B208-49AA-8E03F17D567C}"
EndProject
Project("{91EBA465-F18F-FEC8-FB6B-0FFE2CC563B3}") = "13th Titan V 0.1", "Assembly-UnityScript-firstpass.unityproj", "{54D6A06C-1A17-BCDD-224E-4E7C93F846EA}"
EndProject
Global
	GlobalSection(SolutionConfigurationPlatforms) = preSolution
		Debug|Any CPU = Debug|Any CPU
		Release|Any CPU = Release|Any CPU
	EndGlobalSection
	GlobalSection(ProjectConfigurationPlatforms) = postSolution
		{CBE34B91-477C-B208-49AA-8E03F17D567C}.Debug|Any CPU.ActiveCfg = Debug|Any CPU
		{CBE34B91-477C-B208-49AA-8E03F17D567C}.Debug|Any CPU.Build.0 = Debug|Any CPU
		{CBE34B91-477C-B208-49AA-8E03F17D567C}.Release|Any CPU.ActiveCfg = Release|Any CPU
		{CBE34B91-477C-B208-49AA-8E03F17D567C}.Release|Any CPU.Build.0 = Release|Any CPU
		{54D6A06C-1A17-BCDD-224E-4E7C93F846EA}.Debug|Any CPU.ActiveCfg = Debug|Any CPU
		{54D6A06C-1A17-BCDD-224E-4E7C93F846EA}.Debug|Any CPU.Build.0 = Debug|Any CPU
		{54D6A06C-1A17-BCDD-224E-4E7C93F846EA}.Release|Any CPU.ActiveCfg = Release|Any CPU
		{54D6A06C-1A17-BCDD-224E-4E7C93F846EA}.Release|Any CPU.Build.0 = Release|Any CPU
	EndGlobalSection
	GlobalSection(SolutionProperties) = preSolution
		HideSolutionNode = FALSE
	EndGlobalSection
				GlobalSection(MonoDevelopProperties) = preSolution
		StartupItem = Assembly-CSharp.csproj
		Policies = $0
		$0.TextStylePolicy = $1
		$1.inheritsSet = null
		$1.scope = text/x-csharp
		$0.CSharpFormattingPolicy = $2
		$2.inheritsSet = Mono
		$2.inheritsScope = text/x-csharp
		$2.scope = text/x-csharp
		$0.TextStylePolicy = $3
		$3.FileWidth = 120
		$3.TabWidth = 4
		$3.EolMarker = Unix
		$3.inheritsSet = Mono
		$3.inheritsScope = text/plain
		$3.scope = text/plain
	EndGlobalSection

EndGlobal
